{
  "nodes": {
    "ags": {
      "inputs": {
        "nixpkgs": "nixpkgs"
      },
      "locked": {
        "lastModified": 1708694763,
        "narHash": "sha256-n+F24e9Dr7MS0W4laNGgiTMStE+uR1fbt+Y///KkRFk=",
        "owner": "Aylur",
        "repo": "ags",
        "rev": "e1f2d311ceb496a69ef6daa6aebb46ce511b2f22",
        "type": "github"
      },
      "original": {
        "owner": "Aylur",
        "repo": "ags",
        "type": "github"
      }
    },
    "ags-dots": {
      "inputs": {
        "nixpkgs": "nixpkgs_2"
      },
      "locked": {
        "lastModified": 1704556342,
        "narHash": "sha256-6vE42xK/qIzMJtAsbN8IEK2wkS1XeecmdjaKY6UHOfI=",
        "owner": "muhchaudhary",
        "repo": "agsConfig",
        "rev": "4b9773c75803387cad83533253a5e4c77c01ed46",
        "type": "github"
      },
      "original": {
        "owner": "muhchaudhary",
        "repo": "agsConfig",
        "type": "github"
      }
    },
    "blender-bin": {
      "inputs": {
        "nixpkgs": "nixpkgs_3"
      },
      "locked": {
        "dir": "blender",
        "lastModified": 1708598991,
        "narHash": "sha256-/Tb6P/Yq6jlgtD+VHS261VWJDC1YiYYnEzIz6RL24ik=",
        "owner": "edolstra",
        "repo": "nix-warez",
        "rev": "f47d6549654fbd4a186faa116839728f2c31bf09",
        "type": "github"
      },
      "original": {
        "id": "blender-bin",
        "type": "indirect"
      }
    },
    "home-manager": {
      "inputs": {
        "nixpkgs": [
          "nixpkgs"
        ]
      },
      "locked": {
        "lastModified": 1708591310,
        "narHash": "sha256-8mQGVs8JccWTnORgoLOTh9zvf6Np+x2JzhIc+LDcJ9s=",
        "owner": "nix-community",
        "repo": "home-manager",
        "rev": "0e0e9669547e45ea6cca2de4044c1a384fd0fe55",
        "type": "github"
      },
      "original": {
        "owner": "nix-community",
        "ref": "master",
        "repo": "home-manager",
        "type": "github"
      }
    },
    "hypridle": {
      "inputs": {
        "hyprlang": "hyprlang",
        "nixpkgs": "nixpkgs_4"
      },
      "locked": {
        "lastModified": 1708597999,
        "narHash": "sha256-Glwi2jMjT/fCMbRGun+zoZOE6nQ053XfFfFuqi23+ds=",
        "owner": "hyprwm",
        "repo": "hypridle",
        "rev": "b85722e41aeb9925f248e9b3fe8427475cb1eb6b",
        "type": "github"
      },
      "original": {
        "owner": "hyprwm",
        "repo": "hypridle",
        "type": "github"
      }
    },
    "hyprland": {
      "inputs": {
        "hyprland-protocols": "hyprland-protocols",
        "hyprlang": "hyprlang_2",
        "nixpkgs": "nixpkgs_5",
        "systems": "systems",
        "wlroots": "wlroots",
        "xdph": "xdph"
      },
      "locked": {
        "lastModified": 1708743054,
        "narHash": "sha256-ITUFFvm2Nwwk/9XC3j+W1/kHXUvZ9A/rWUl2JSbQngY=",
        "owner": "hyprwm",
        "repo": "Hyprland",
        "rev": "d92da7959a1d271c585d0a7de4c75a389bd1ac05",
        "type": "github"
      },
      "original": {
        "owner": "hyprwm",
        "repo": "Hyprland",
        "type": "github"
      }
    },
    "hyprland-protocols": {
      "inputs": {
        "nixpkgs": [
          "hyprland",
          "nixpkgs"
        ],
        "systems": [
          "hyprland",
          "systems"
        ]
      },
      "locked": {
        "lastModified": 1691753796,
        "narHash": "sha256-zOEwiWoXk3j3+EoF3ySUJmberFewWlagvewDRuWYAso=",
        "owner": "hyprwm",
        "repo": "hyprland-protocols",
        "rev": "0c2ce70625cb30aef199cb388f99e19a61a6ce03",
        "type": "github"
      },
      "original": {
        "owner": "hyprwm",
        "repo": "hyprland-protocols",
        "type": "github"
      }
    },
    "hyprlang": {
      "inputs": {
        "nixpkgs": [
          "hypridle",
          "nixpkgs"
        ]
      },
      "locked": {
        "lastModified": 1708212860,
        "narHash": "sha256-nW3Zrhh9RJcMTvOcXAaKADnJM/g6tDf3121lJtTHnYo=",
        "owner": "hyprwm",
        "repo": "hyprlang",
        "rev": "11d5ccda071c153dfdc18ef65338956a51cef96a",
        "type": "github"
      },
      "original": {
        "owner": "hyprwm",
        "repo": "hyprlang",
        "type": "github"
      }
    },
    "hyprlang_2": {
      "inputs": {
        "nixpkgs": [
          "hyprland",
          "nixpkgs"
        ],
        "systems": [
          "hyprland",
          "systems"
        ]
      },
      "locked": {
        "lastModified": 1708681732,
        "narHash": "sha256-ULZZLZ9C33G13IaXLuAc4oTzHUvnATI8Fj2u6gzMfT0=",
        "owner": "hyprwm",
        "repo": "hyprlang",
        "rev": "f4466367ef0a92a6425d482050dc2b8840c0e644",
        "type": "github"
      },
      "original": {
        "owner": "hyprwm",
        "repo": "hyprlang",
        "type": "github"
      }
    },
    "hyprlang_3": {
      "inputs": {
        "nixpkgs": [
          "hyprlock",
          "nixpkgs"
        ]
      },
      "locked": {
        "lastModified": 1708212860,
        "narHash": "sha256-nW3Zrhh9RJcMTvOcXAaKADnJM/g6tDf3121lJtTHnYo=",
        "owner": "hyprwm",
        "repo": "hyprlang",
        "rev": "11d5ccda071c153dfdc18ef65338956a51cef96a",
        "type": "github"
      },
      "original": {
        "owner": "hyprwm",
        "repo": "hyprlang",
        "type": "github"
      }
    },
    "hyprlock": {
      "inputs": {
        "hyprlang": "hyprlang_3",
        "nixpkgs": "nixpkgs_6"
      },
      "locked": {
        "lastModified": 1708743255,
        "narHash": "sha256-hCKYHOYRXoymAvAsacGw2Q2IWzpDOU5E1dPBcTry+QU=",
        "owner": "hyprwm",
        "repo": "hyprlock",
        "rev": "57e80006602b7857fb23feded368055df62b8cb3",
        "type": "github"
      },
      "original": {
        "owner": "hyprwm",
        "repo": "hyprlock",
        "type": "github"
      }
    },
    "nixos-hardware": {
      "locked": {
        "lastModified": 1708594753,
        "narHash": "sha256-c/gH7iXS/IYH9NrFOT+aJqTq+iEBkvAkpWuUHGU3+f0=",
        "owner": "nixos",
        "repo": "nixos-hardware",
        "rev": "3f7d0bca003eac1a1a7f4659bbab9c8f8c2a0958",
        "type": "github"
      },
      "original": {
        "owner": "nixos",
        "ref": "master",
        "repo": "nixos-hardware",
        "type": "github"
      }
    },
    "nixpkgs": {
      "locked": {
        "lastModified": 1708475490,
        "narHash": "sha256-g1v0TsWBQPX97ziznfJdWhgMyMGtoBFs102xSYO4syU=",
        "owner": "NixOS",
        "repo": "nixpkgs",
        "rev": "0e74ca98a74bc7270d28838369593635a5db3260",
        "type": "github"
      },
      "original": {
        "owner": "NixOS",
        "ref": "nixos-unstable",
        "repo": "nixpkgs",
        "type": "github"
      }
    },
    "nixpkgs_2": {
      "locked": {
        "lastModified": 1702151865,
        "narHash": "sha256-9VAt19t6yQa7pHZLDbil/QctAgVsA66DLnzdRGqDisg=",
        "owner": "NixOS",
        "repo": "nixpkgs",
        "rev": "666fc80e7b2afb570462423cb0e1cf1a3a34fedd",
        "type": "github"
      },
      "original": {
        "owner": "NixOS",
        "ref": "nixos-unstable",
        "repo": "nixpkgs",
        "type": "github"
      }
    },
    "nixpkgs_3": {
      "locked": {
        "lastModified": 1695559356,
        "narHash": "sha256-kXZ1pUoImD9OEbPCwpTz4tHsNTr4CIyIfXb3ocuR8sI=",
        "owner": "NixOS",
        "repo": "nixpkgs",
        "rev": "261abe8a44a7e8392598d038d2e01f7b33cf26d0",
        "type": "github"
      },
      "original": {
        "id": "nixpkgs",
        "ref": "nixos-23.05",
        "type": "indirect"
      }
    },
    "nixpkgs_4": {
      "locked": {
        "lastModified": 1702645756,
        "narHash": "sha256-qKI6OR3TYJYQB3Q8mAZ+DG4o/BR9ptcv9UnRV2hzljc=",
        "owner": "nixos",
        "repo": "nixpkgs",
        "rev": "40c3c94c241286dd2243ea34d3aef8a488f9e4d0",
        "type": "github"
      },
      "original": {
        "owner": "NixOS",
        "ref": "nixos-unstable",
        "repo": "nixpkgs",
        "type": "github"
      }
    },
    "nixpkgs_5": {
      "locked": {
        "lastModified": 1708475490,
        "narHash": "sha256-g1v0TsWBQPX97ziznfJdWhgMyMGtoBFs102xSYO4syU=",
        "owner": "NixOS",
        "repo": "nixpkgs",
        "rev": "0e74ca98a74bc7270d28838369593635a5db3260",
        "type": "github"
      },
      "original": {
        "owner": "NixOS",
        "ref": "nixos-unstable",
        "repo": "nixpkgs",
        "type": "github"
      }
    },
    "nixpkgs_6": {
      "locked": {
        "lastModified": 1702645756,
        "narHash": "sha256-qKI6OR3TYJYQB3Q8mAZ+DG4o/BR9ptcv9UnRV2hzljc=",
        "owner": "nixos",
        "repo": "nixpkgs",
        "rev": "40c3c94c241286dd2243ea34d3aef8a488f9e4d0",
        "type": "github"
      },
      "original": {
        "owner": "NixOS",
        "ref": "nixos-unstable",
        "repo": "nixpkgs",
        "type": "github"
      }
    },
    "nixpkgs_7": {
      "locked": {
        "lastModified": 1708655239,
        "narHash": "sha256-ZrP/yACUvDB+zbqYJsln4iwotbH6CTZiTkANJ0AgDv4=",
        "owner": "NixOS",
        "repo": "nixpkgs",
        "rev": "cbc4211f0afffe6dfd2478a62615dd5175a13f9a",
        "type": "github"
      },
      "original": {
        "owner": "NixOS",
        "ref": "nixos-unstable",
        "repo": "nixpkgs",
        "type": "github"
      }
    },
    "root": {
      "inputs": {
        "ags": "ags",
        "ags-dots": "ags-dots",
        "blender-bin": "blender-bin",
        "home-manager": "home-manager",
        "hypridle": "hypridle",
        "hyprland": "hyprland",
        "hyprlock": "hyprlock",
        "nixos-hardware": "nixos-hardware",
        "nixpkgs": "nixpkgs_7"
      }
    },
    "systems": {
      "locked": {
        "lastModified": 1689347949,
        "narHash": "sha256-12tWmuL2zgBgZkdoB6qXZsgJEH9LR3oUgpaQq2RbI80=",
        "owner": "nix-systems",
        "repo": "default-linux",
        "rev": "31732fcf5e8fea42e59c2488ad31a0e651500f68",
        "type": "github"
      },
      "original": {
        "owner": "nix-systems",
        "repo": "default-linux",
        "type": "github"
      }
    },
    "wlroots": {
      "flake": false,
      "locked": {
        "host": "gitlab.freedesktop.org",
        "lastModified": 1708558866,
        "narHash": "sha256-Mz6hCtommq7RQfcPnxLINigO4RYSNt23HeJHC6mVmWI=",
        "owner": "wlroots",
        "repo": "wlroots",
        "rev": "0cb091f1a2d345f37d2ee445f4ffd04f7f4ec9e5",
        "type": "gitlab"
      },
      "original": {
        "host": "gitlab.freedesktop.org",
        "owner": "wlroots",
        "repo": "wlroots",
        "rev": "0cb091f1a2d345f37d2ee445f4ffd04f7f4ec9e5",
        "type": "gitlab"
      }
    },
    "xdph": {
      "inputs": {
        "hyprland-protocols": [
          "hyprland",
          "hyprland-protocols"
        ],
        "hyprlang": [
          "hyprland",
          "hyprlang"
        ],
        "nixpkgs": [
          "hyprland",
          "nixpkgs"
        ],
        "systems": [
          "hyprland",
          "systems"
        ]
      },
      "locked": {
        "lastModified": 1708696469,
        "narHash": "sha256-shh5wmpeYy3MmsBfkm4f76yPsBDGk6OLYRVG+ARy2F0=",
        "owner": "hyprwm",
        "repo": "xdg-desktop-portal-hyprland",
        "rev": "1b713911c2f12b96c2574474686e4027ac4bf826",
        "type": "github"
      },
      "original": {
        "owner": "hyprwm",
        "repo": "xdg-desktop-portal-hyprland",
        "type": "github"
      }
    }
  },
  "root": "root",
  "version": 7
}
